{"version":4,"terraform_version":"1.10.6","serial":22,"lineage":"1f4c416d-8bf8-d6ef-63fb-91a4bf17434b","outputs":{},"resources":[{"mode":"data","type":"proxmox_virtual_environment_vms","name":"template","provider":"provider[\"registry.opentofu.org/bpg/proxmox\"]","instances":[{"schema_version":0,"attributes":{"id":"3e04977e-5e68-42b1-b23a-05bf63fff44d","node_name":"pve","tags":["template","ubuntu"],"vms":[{"name":"ubuntu.server.local","node_name":"pve","tags":["template","ubuntu"],"vm_id":9999}]},"sensitive_attributes":[]}]},{"mode":"managed","type":"proxmox_virtual_environment_file","name":"cloud_meta_config","provider":"provider[\"registry.opentofu.org/bpg/proxmox\"]","instances":[{"schema_version":0,"attributes":{"content_type":"snippets","datastore_id":"local","file_modification_date":null,"file_name":"ourserver.local-ci-meta_data.yml","file_size":null,"file_tag":null,"id":"local:snippets/ourserver.local-ci-meta_data.yml","node_name":"pve","overwrite":true,"source_file":[],"source_raw":[{"data":"","file_name":"ourserver.local-ci-meta_data.yml","resize":0}],"timeout_upload":1800},"sensitive_attributes":[],"private":"bnVsbA=="}]},{"mode":"managed","type":"proxmox_virtual_environment_file","name":"cloud_user_config","provider":"provider[\"registry.opentofu.org/bpg/proxmox\"]","instances":[{"schema_version":0,"attributes":{"content_type":"snippets","datastore_id":"local","file_modification_date":null,"file_name":"ourserver.local-ci-user.yml","file_size":null,"file_tag":null,"id":"local:snippets/ourserver.local-ci-user.yml","node_name":"pve","overwrite":true,"source_file":[],"source_raw":[{"data":"#cloud-config\nhostname: \"fred\"\nmanage_etc_hosts: false\nwrite_files:\n  - path: /etc/hosts\n    content: |\n      127.0.1.1 fred\n      127.0.0.1 localhost\npackage_upgrade: true\nusers:\n  - default\n  - name: dave\n    shell: /bin/bash\n    primary_group: dave\n    groups: users\n    ssh_authorized_keys:\n      - ssh-ed25519 AAAAC3NzaC1lZDI1NTE5AAAAIIxURfCV3xPqAN9LV9oAQ7nj0j/pPImRIrvUbYpQMd9t dave@ans\n      - ssh-rsa AAAAB3NzaC1yc2EAAAADAQABAAACAQDF+PLO2RBFjLQ+YM5xPa64BxRAIeN3muXuoprFxGzQ9n7x4BmG60QNNThurTR8pK5suOrG4OvlkZgdmXHiDoUx2w8L5Rxqo0LUB6q7CKki5xPopaq/xHTE8FW6EbmD2y0/sgSNnqtuYuvFfGLS2aS4Ue3u1nO66y2p5XEh0rsVy7EZDrFuzmK7Q6uYdMtx4O4Ch9U+3svJnYgarqUyBqiIbGBj1sP9kipjOA5JROOeSa8hLGOEGfnjbyK70zEOQPOouhjadNflw/wtNCgnlHaq8TB8thXcAcmRf/1GF1RKkvKLnIO/68nLGv2sxVDK6ox/kAil4MsWZo2AMa8/5jJ2abL++urSq75Opad55VhbqxxCYgbnE/M9nPPmDKhdM+YSRhm+Glaikz6+E1oGMbt2YB7jF9QrDNLXSad69e6YpcyXczzam8kZcPqwUPyBc3dk+sPwHdfXpAruOPzKpURZeViKu/pE9hXqCL89HBR7SP3gK6Xr1sxHA7itwZc4Q8bxgBSjbCHzEP+ib4t4gpIA2ap+pvhSmA8rj652b9ssSeKVc9s9v8wmDICf05Nc+vvoTktJxkZRDx2snxGUVfWrLHRNWbZXuVSTEPet91e3YLSJ71c0rDoRmX9l+cqn2JlxdRmZ1lUv74+8dqZPz2AoRLULx6JABzOHYV59P/uy0Q== root@pve\n      - ssh-rsa AAAAB3NzaC1yc2EAAAADAQABAAABgQDWjPrpo3v1Jt3P5nNunMW+0HkY7TZn++6UYTLYkmPZ4xGWAQrCCy0Nwzpu9g+gtRoDDEbDf2sEWwq62ku3uibLOk2tmp25xpHLuUbIDB6M92btpEqNPfUKgxRBN1TQL/gMarhVF5o4J6TwI/56TsyOe8H2CFtALfeQANAZe2VurPzV20dPDM+61+yXxk8r9TsYW6+HM+BhpEr3UYR2VYkvQhEBT1s6RRb/pmKEofSVeGtb5a/+opXUZ8AwElPosxPUd1L1bibXu/cKubpWVNeVNovDn5Tn/OFux8kDQxRjC+wvP1RRTGn203xRi4n7W7jfhA577QOcFfPmGixOevBlySFLU8KoFhJY+hfCsrZMmJxj1GjcBAhxj5138KQfEmL1zipmlKOK8G0QCMbZOuD0tFbMisyNp9XmZIGOHMZDTSC8tF34HEH7vN70eSVkJPL07McIeilKujFZM7zAJNuceIZBS3eWyP421oUaulAEwJmat7Fdm93+J/EZa6dz290= dave@miniserver\n    sudo: \"ALL=(ALL) NOPASSWD:ALL\"\n  - name: ubuntu\n    sudo: ALL=(ALL) NOPASSWD:ALL\n    ssh_authorized_keys:\n      - ssh-ed25519 AAAAC3NzaC1lZDI1NTE5AAAAIIxURfCV3xPqAN9LV9oAQ7nj0j/pPImRIrvUbYpQMd9t dave@ans201\nssh_pwauth: true ## This line enables ssh password authentication\ntimezone: Europe/London\n","file_name":"ourserver.local-ci-user.yml","resize":0}],"timeout_upload":1800},"sensitive_attributes":[],"private":"bnVsbA=="}]},{"mode":"managed","type":"proxmox_virtual_environment_vm","name":"vm","provider":"provider[\"registry.opentofu.org/bpg/proxmox\"]","instances":[{"schema_version":0,"attributes":{"acpi":true,"agent":[{"enabled":true,"timeout":"15m","trim":false,"type":"virtio"}],"audio_device":[],"bios":"seabios","boot_order":["scsi0"],"cdrom":[],"clone":[{"datastore_id":"","full":true,"node_name":"","retries":1,"vm_id":888}],"cpu":[{"affinity":"","architecture":"x86_64","cores":2,"flags":[],"hotplugged":0,"limit":0,"numa":false,"sockets":1,"type":"host","units":1024}],"description":null,"disk":[{"aio":"io_uring","backup":true,"cache":"none","datastore_id":"local","discard":"ignore","file_format":"qcow2","file_id":"","interface":"scsi0","iothread":true,"path_in_datastore":"100/vm-100-disk-0.qcow2","replicate":true,"size":20,"speed":[],"ssd":false},{"aio":"io_uring","backup":true,"cache":"none","datastore_id":"local","discard":"ignore","file_format":"raw","file_id":"","interface":"scsi1","iothread":true,"path_in_datastore":"100/vm-100-disk-1.raw","replicate":true,"size":180,"speed":[],"ssd":false},{"aio":"io_uring","backup":true,"cache":"none","datastore_id":"local-lvm","discard":"on","file_format":"raw","file_id":"","interface":"virtio0","iothread":false,"path_in_datastore":"vm-100-disk-1","replicate":true,"size":8,"speed":[],"ssd":false}],"efi_disk":[],"hook_script_file_id":null,"hostpci":[],"id":"100","initialization":[{"datastore_id":"local","dns":[],"interface":"ide2","ip_config":[{"ipv4":[{"address":"dhcp","gateway":""}],"ipv6":[]}],"meta_data_file_id":"","network_data_file_id":"","type":"","user_account":[{"keys":["ssh-ed25519 AAAAC3NzaC1lZDI1NTE5AAAAIIxURfCV3xPqAN9LV9oAQ7nj0j/pPImRIrvUbYpQMd9t dave@ans","ssh-rsa AAAAB3NzaC1yc2EAAAADAQABAAACAQDF+PLO2RBFjLQ+YM5xPa64BxRAIeN3muXuoprFxGzQ9n7x4BmG60QNNThurTR8pK5suOrG4OvlkZgdmXHiDoUx2w8L5Rxqo0LUB6q7CKki5xPopaq/xHTE8FW6EbmD2y0/sgSNnqtuYuvFfGLS2aS4Ue3u1nO66y2p5XEh0rsVy7EZDrFuzmK7Q6uYdMtx4O4Ch9U+3svJnYgarqUyBqiIbGBj1sP9kipjOA5JROOeSa8hLGOEGfnjbyK70zEOQPOouhjadNflw/wtNCgnlHaq8TB8thXcAcmRf/1GF1RKkvKLnIO/68nLGv2sxVDK6ox/kAil4MsWZo2AMa8/5jJ2abL++urSq75Opad55VhbqxxCYgbnE/M9nPPmDKhdM+YSRhm+Glaikz6+E1oGMbt2YB7jF9QrDNLXSad69e6YpcyXczzam8kZcPqwUPyBc3dk+sPwHdfXpAruOPzKpURZeViKu/pE9hXqCL89HBR7SP3gK6Xr1sxHA7itwZc4Q8bxgBSjbCHzEP+ib4t4gpIA2ap+pvhSmA8rj652b9ssSeKVc9s9v8wmDICf05Nc+vvoTktJxkZRDx2snxGUVfWrLHRNWbZXuVSTEPet91e3YLSJ71c0rDoRmX9l+cqn2JlxdRmZ1lUv74+8dqZPz2AoRLULx6JABzOHYV59P/uy0Q== root@pve"],"password":"","username":"root"}],"user_data_file_id":"local:snippets/ourserver.local-ci-user.yml","vendor_data_file_id":""}],"ipv4_addresses":[],"ipv6_addresses":[],"keyboard_layout":"en-us","kvm_arguments":null,"mac_addresses":[],"machine":null,"memory":[{"dedicated":2048,"floating":0,"hugepages":"","keep_hugepages":false,"shared":0}],"migrate":false,"name":"ourserver.local","network_device":[{"bridge":"vmbr0","disconnected":false,"enabled":true,"firewall":false,"mac_address":"BC:24:11:22:66:3C","model":"virtio","mtu":0,"queues":0,"rate_limit":0,"trunks":"","vlan_id":0}],"network_interface_names":[],"node_name":"pve","on_boot":true,"operating_system":[],"pool_id":null,"protection":false,"reboot":false,"scsi_hardware":"virtio-scsi-single","serial_device":[],"smbios":[],"started":true,"startup":[],"stop_on_destroy":false,"tablet_device":true,"tags":["ubuntu"],"template":false,"timeout_clone":1800,"timeout_create":1800,"timeout_migrate":1800,"timeout_move_disk":1800,"timeout_reboot":1800,"timeout_shutdown_vm":1800,"timeout_start_vm":1800,"timeout_stop_vm":300,"tpm_state":[],"usb":[],"vga":[{"enabled":true,"memory":0,"type":"serial0"}],"vm_id":100},"sensitive_attributes":[],"private":"bnVsbA==","dependencies":["proxmox_virtual_environment_file.cloud_user_config"]}]}],"check_results":null}
